{
    "_readme": [
        "This file locks the dependencies of your project to a known state",
        "Read more about it at http://getcomposer.org/doc/01-basic-usage.md#composer-lock-the-lock-file",
        "This file is @generated automatically"
    ],
    "hash": "5dcc5af20c7e5a8b235aa7f074b7ab41",
    "packages": [
        {
            "name": "xes/cacher",
            "version": "dev-master",
            "source": {
                "type": "git",
                "url": "https://github.com/dan1elhughes/cacher.git",
                "reference": "a3f222d2249cef7d03e11a2f0fac03d2740f178d"
            },
            "dist": {
                "type": "zip",
                "url": "https://api.github.com/repos/dan1elhughes/cacher/zipball/a3f222d2249cef7d03e11a2f0fac03d2740f178d",
                "reference": "a3f222d2249cef7d03e11a2f0fac03d2740f178d",
                "shasum": ""
            },
            "type": "library",
            "autoload": {
                "psr-4": {
                    "xes\\": "src/"
                }
            },
            "notification-url": "https://packagist.org/downloads/",
            "authors": [
                {
                    "name": "Dan Hughes",
                    "email": "dh@xes.io",
                    "homepage": "https://xes.io",
                    "role": "Developer"
                }
            ],
            "description": "Simple file caching for PHP with string replacements",
            "homepage": "https://github.com/dan1elhughes/cacher",
            "time": "2015-02-17 14:46:26"
        },
        {
            "name": "xes/templater",
            "version": "dev-master",
            "source": {
                "type": "git",
                "url": "https://github.com/dan1elhughes/templater.git",
                "reference": "7b24ffa088f84191741fea511d5b6650df13a3c7"
            },
            "dist": {
                "type": "zip",
                "url": "https://api.github.com/repos/dan1elhughes/templater/zipball/7b24ffa088f84191741fea511d5b6650df13a3c7",
                "reference": "7b24ffa088f84191741fea511d5b6650df13a3c7",
                "shasum": ""
            },
            "type": "library",
            "autoload": {
                "psr-4": {
                    "xes\\": "src/"
                }
            },
            "notification-url": "https://packagist.org/downloads/",
            "authors": [
                {
                    "name": "Dan Hughes",
                    "email": "dh@xes.io",
                    "homepage": "https://xes.io",
                    "role": "Developer"
                }
            ],
            "description": "Basic template library with a Twig-like syntax",
            "homepage": "https://github.com/dan1elhughes/templater",
            "time": "2015-02-17 15:18:06"
        }
    ],
    "packages-dev": [],
    "aliases": [],
    "minimum-stability": "stable",
    "stability-flags": {
        "xes/templater": 20,
        "xes/cacher": 20
    },
    "prefer-stable": false,
    "prefer-lowest": false,
    "platform": [],
    "platform-dev": []
}
